// !$*UTF8*$!
{
	archiveVersion = 1;
	classes = {
	};
	objectVersion = 46;
	objects = {

/* Begin PBXBuildFile section */
		23F1A45281F76425FEA9F69C /* Pods_RealmSugar.framework in Frameworks */ = {isa = PBXBuildFile; fileRef = A8CEA26FF24BAB8D941A63BF /* Pods_RealmSugar.framework */; };
		D4BAD27A1EA94BDC003FFFB5 /* AppDelegate.swift in Sources */ = {isa = PBXBuildFile; fileRef = D4BAD2791EA94BDC003FFFB5 /* AppDelegate.swift */; };
		D4BAD28D1EA94CC0003FFFB5 /* Object+Notify.swift in Sources */ = {isa = PBXBuildFile; fileRef = D4BAD28C1EA94CC0003FFFB5 /* Object+Notify.swift */; };
/* End PBXBuildFile section */

/* Begin PBXFileReference section */
		6B3BB6FBD2E57B89A6E0A530 /* Pods-RealmSugar.debug.xcconfig */ = {isa = PBXFileReference; includeInIndex = 1; lastKnownFileType = text.xcconfig; name = "Pods-RealmSugar.debug.xcconfig"; path = "Pods/Target Support Files/Pods-RealmSugar/Pods-RealmSugar.debug.xcconfig"; sourceTree = "<group>"; };
		A8CEA26FF24BAB8D941A63BF /* Pods_RealmSugar.framework */ = {isa = PBXFileReference; explicitFileType = wrapper.framework; includeInIndex = 0; path = Pods_RealmSugar.framework; sourceTree = BUILT_PRODUCTS_DIR; };
		D4BAD2761EA94BDC003FFFB5 /* RealmSugar.app */ = {isa = PBXFileReference; explicitFileType = wrapper.application; includeInIndex = 0; path = RealmSugar.app; sourceTree = BUILT_PRODUCTS_DIR; };
		D4BAD2791EA94BDC003FFFB5 /* AppDelegate.swift */ = {isa = PBXFileReference; lastKnownFileType = sourcecode.swift; path = AppDelegate.swift; sourceTree = "<group>"; };
		D4BAD2851EA94BDD003FFFB5 /* Info.plist */ = {isa = PBXFileReference; lastKnownFileType = text.plist.xml; path = Info.plist; sourceTree = "<group>"; };
		D4BAD28C1EA94CC0003FFFB5 /* Object+Notify.swift */ = {isa = PBXFileReference; fileEncoding = 4; lastKnownFileType = sourcecode.swift; path = "Object+Notify.swift"; sourceTree = "<group>"; };
		EE3D5BF14D518B5150C33906 /* Pods-RealmSugar.release.xcconfig */ = {isa = PBXFileReference; includeInIndex = 1; lastKnownFileType = text.xcconfig; name = "Pods-RealmSugar.release.xcconfig"; path = "Pods/Target Support Files/Pods-RealmSugar/Pods-RealmSugar.release.xcconfig"; sourceTree = "<group>"; };
/* End PBXFileReference section */

/* Begin PBXFrameworksBuildPhase section */
		D4BAD2731EA94BDC003FFFB5 /* Frameworks */ = {
			isa = PBXFrameworksBuildPhase;
			buildActionMask = 2147483647;
			files = (
				23F1A45281F76425FEA9F69C /* Pods_RealmSugar.framework in Frameworks */,
			);
			runOnlyForDeploymentPostprocessing = 0;
		};
/* End PBXFrameworksBuildPhase section */

/* Begin PBXGroup section */
		4C57077074D9F78B2D3955C4 /* Frameworks */ = {
			isa = PBXGroup;
			children = (
				A8CEA26FF24BAB8D941A63BF /* Pods_RealmSugar.framework */,
			);
			name = Frameworks;
			sourceTree = "<group>";
		};
		A425C90543D963D42B8D8910 /* Pods */ = {
			isa = PBXGroup;
			children = (
				6B3BB6FBD2E57B89A6E0A530 /* Pods-RealmSugar.debug.xcconfig */,
				EE3D5BF14D518B5150C33906 /* Pods-RealmSugar.release.xcconfig */,
			);
			name = Pods;
			sourceTree = "<group>";
		};
		D4BAD26D1EA94BDC003FFFB5 = {
			isa = PBXGroup;
			children = (
				D4BAD2781EA94BDC003FFFB5 /* RealmSugar */,
				D4BAD2771EA94BDC003FFFB5 /* Products */,
				A425C90543D963D42B8D8910 /* Pods */,
				4C57077074D9F78B2D3955C4 /* Frameworks */,
			);
			sourceTree = "<group>";
		};
		D4BAD2771EA94BDC003FFFB5 /* Products */ = {
			isa = PBXGroup;
			children = (
				D4BAD2761EA94BDC003FFFB5 /* RealmSugar.app */,
			);
			name = Products;
			sourceTree = "<group>";
		};
		D4BAD2781EA94BDC003FFFB5 /* RealmSugar */ = {
			isa = PBXGroup;
			children = (
				D4BAD28B1EA94C8E003FFFB5 /* Source */,
				D4BAD2791EA94BDC003FFFB5 /* AppDelegate.swift */,
				D4BAD2851EA94BDD003FFFB5 /* Info.plist */,
			);
			path = RealmSugar;
			sourceTree = "<group>";
		};
		D4BAD28B1EA94C8E003FFFB5 /* Source */ = {
			isa = PBXGroup;
			children = (
				D4BAD28C1EA94CC0003FFFB5 /* Object+Notify.swift */,
			);
			path = Source;
			sourceTree = "<group>";
		};
/* End PBXGroup section */

/* Begin PBXNativeTarget section */
		D4BAD2751EA94BDC003FFFB5 /* RealmSugar */ = {
			isa = PBXNativeTarget;
			buildConfigurationList = D4BAD2881EA94BDD003FFFB5 /* Build configuration list for PBXNativeTarget "RealmSugar" */;
			buildPhases = (
				1C9E789CEEDC9D495FE75CBC /* [CP] Check Pods Manifest.lock */,
				D4BAD2721EA94BDC003FFFB5 /* Sources */,
				D4BAD2731EA94BDC003FFFB5 /* Frameworks */,
				D4BAD2741EA94BDC003FFFB5 /* Resources */,
				A7DDEB1DC305F9B0118BED4E /* [CP] Embed Pods Frameworks */,
				40D2D619FFE21EA6915E79E7 /* [CP] Copy Pods Resources */,
			);
			buildRules = (
			);
			dependencies = (
			);
			name = RealmSugar;
			productName = RealmSugar;
			productReference = D4BAD2761EA94BDC003FFFB5 /* RealmSugar.app */;
			productType = "com.apple.product-type.application";
		};
/* End PBXNativeTarget section */

/* Begin PBXProject section */
		D4BAD26E1EA94BDC003FFFB5 /* Project object */ = {
			isa = PBXProject;
			attributes = {
				LastSwiftUpdateCheck = 0830;
				LastUpgradeCheck = 0830;
				ORGANIZATIONNAME = "Niels Koole";
				TargetAttributes = {
					D4BAD2751EA94BDC003FFFB5 = {
						CreatedOnToolsVersion = 8.3.1;
						DevelopmentTeam = DM4DAEGDNR;
						ProvisioningStyle = Automatic;
					};
				};
			};
			buildConfigurationList = D4BAD2711EA94BDC003FFFB5 /* Build configuration list for PBXProject "RealmSugar" */;
			compatibilityVersion = "Xcode 3.2";
			developmentRegion = English;
			hasScannedForEncodings = 0;
			knownRegions = (
				en,
				Base,
			);
			mainGroup = D4BAD26D1EA94BDC003FFFB5;
			productRefGroup = D4BAD2771EA94BDC003FFFB5 /* Products */;
			projectDirPath = "";
			projectRoot = "";
			targets = (
				D4BAD2751EA94BDC003FFFB5 /* RealmSugar */,
			);
		};
/* End PBXProject section */

/* Begin PBXResourcesBuildPhase section */
		D4BAD2741EA94BDC003FFFB5 /* Resources */ = {
			isa = PBXResourcesBuildPhase;
			buildActionMask = 2147483647;
			files = (
			);
			runOnlyForDeploymentPostprocessing = 0;
		};
/* End PBXResourcesBuildPhase section */

/* Begin PBXShellScriptBuildPhase section */
		1C9E789CEEDC9D495FE75CBC /* [CP] Check Pods Manifest.lock */ = {
			isa = PBXShellScriptBuildPhase;
			buildActionMask = 2147483647;
			files = (
			);
			inputPaths = (
			);
			name = "[CP] Check Pods Manifest.lock";
			outputPaths = (
			);
			runOnlyForDeploymentPostprocessing = 0;
			shellPath = /bin/sh;
			shellScript = "diff \"${PODS_ROOT}/../Podfile.lock\" \"${PODS_ROOT}/Manifest.lock\" > /dev/null\nif [ $? != 0 ] ; then\n    # print error to STDERR\n    echo \"error: The sandbox is not in sync with the Podfile.lock. Run 'pod install' or update your CocoaPods installation.\" >&2\n    exit 1\nfi\n";
			showEnvVarsInLog = 0;
		};
		40D2D619FFE21EA6915E79E7 /* [CP] Copy Pods Resources */ = {
			isa = PBXShellScriptBuildPhase;
			buildActionMask = 2147483647;
			files = (
			);
			inputPaths = (
			);
			name = "[CP] Copy Pods Resources";
			outputPaths = (
			);
			runOnlyForDeploymentPostprocessing = 0;
			shellPath = /bin/sh;
			shellScript = "\"${SRCROOT}/Pods/Target Support Files/Pods-RealmSugar/Pods-RealmSugar-resources.sh\"\n";
			showEnvVarsInLog = 0;
		};
		A7DDEB1DC305F9B0118BED4E /* [CP] Embed Pods Frameworks */ = {
			isa = PBXShellScriptBuildPhase;
			buildActionMask = 2147483647;
			files = (
			);
			inputPaths = (
			);
			name = "[CP] Embed Pods Frameworks";
			outputPaths = (
			);
			runOnlyForDeploymentPostprocessing = 0;
			shellPath = /bin/sh;
			shellScript = "\"${SRCROOT}/Pods/Target Support Files/Pods-RealmSugar/Pods-RealmSugar-frameworks.sh\"\n";
			showEnvVarsInLog = 0;
		};
/* End PBXShellScriptBuildPhase section */

/* Begin PBXSourcesBuildPhase section */
		D4BAD2721EA94BDC003FFFB5 /* Sources */ = {
			isa = PBXSourcesBuildPhase;
			buildActionMask = 2147483647;
			files = (
				D4BAD27A1EA94BDC003FFFB5 /* AppDelegate.swift in Sources */,
				D4BAD28D1EA94CC0003FFFB5 /* Object+Notify.swift in Sources */,
			);
			runOnlyForDeploymentPostprocessing = 0;
		};
/* End PBXSourcesBuildPhase section */

/* Begin XCBuildConfiguration section */
		D4BAD2861EA94BDD003FFFB5 /* Debug */ = {
			isa = XCBuildConfiguration;
			buildSettings = {
				ALWAYS_SEARCH_USER_PATHS = NO;
				CLANG_ANALYZER_NONNULL = YES;
				CLANG_ANALYZER_NUMBER_OBJECT_CONVERSION = YES_AGGRESSIVE;
				CLANG_CXX_LANGUAGE_STANDARD = "gnu++0x";
				CLANG_CXX_LIBRARY = "libc++";
				CLANG_ENABLE_MODULES = YES;
				CLANG_ENABLE_OBJC_ARC = YES;
				CLANG_WARN_BOOL_CONVERSION = YES;
				CLANG_WARN_CONSTANT_CONVERSION = YES;
				CLANG_WARN_DIRECT_OBJC_ISA_USAGE = YES_ERROR;
				CLANG_WARN_DOCUMENTATION_COMMENTS = YES;
				CLANG_WARN_EMPTY_BODY = YES;
				CLANG_WARN_ENUM_CONVERSION = YES;
				CLANG_WARN_INFINITE_RECURSION = YES;
				CLANG_WARN_INT_CONVERSION = YES;
				CLANG_WARN_OBJC_ROOT_CLASS = YES_ERROR;
				CLANG_WARN_SUSPICIOUS_MOVE = YES;
				CLANG_WARN_UNREACHABLE_CODE = YES;
				CLANG_WARN__DUPLICATE_METHOD_MATCH = YES;
				"CODE_SIGN_IDENTITY[sdk=iphoneos*]" = "iPhone Developer";
				COPY_PHASE_STRIP = NO;
				DEBUG_INFORMATION_FORMAT = dwarf;
				ENABLE_STRICT_OBJC_MSGSEND = YES;
				ENABLE_TESTABILITY = YES;
				GCC_C_LANGUAGE_STANDARD = gnu99;
				GCC_DYNAMIC_NO_PIC = NO;
				GCC_NO_COMMON_BLOCKS = YES;
				GCC_OPTIMIZATION_LEVEL = 0;
				GCC_PREPROCESSOR_DEFINITIONS = (
					"DEBUG=1",
					"$(inherited)",
				);
				GCC_WARN_64_TO_32_BIT_CONVERSION = YES;
				GCC_WARN_ABOUT_RETURN_TYPE = YES_ERROR;
				GCC_WARN_UNDECLARED_SELECTOR = YES;
				GCC_WARN_UNINITIALIZED_AUTOS = YES_AGGRESSIVE;
				GCC_WARN_UNUSED_FUNCTION = YES;
				GCC_WARN_UNUSED_VARIABLE = YES;
				IPHONEOS_DEPLOYMENT_TARGET = 10.3;
				MTL_ENABLE_DEBUG_INFO = YES;
				ONLY_ACTIVE_ARCH = YES;
				SDKROOT = iphoneos;
				SWIFT_ACTIVE_COMPILATION_CONDITIONS = DEBUG;
				SWIFT_OPTIMIZATION_LEVEL = "-Onone";
				TARGETED_DEVICE_FAMILY = "1,2";
			};
			name = Debug;
		};
		D4BAD2871EA94BDD003FFFB5 /* Release */ = {
			isa = XCBuildConfiguration;
			buildSettings = {
				ALWAYS_SEARCH_USER_PATHS = NO;
				CLANG_ANALYZER_NONNULL = YES;
				CLANG_ANALYZER_NUMBER_OBJECT_CONVERSION = YES_AGGRESSIVE;
				CLANG_CXX_LANGUAGE_STANDARD = "gnu++0x";
				CLANG_CXX_LIBRARY = "libc++";
				CLANG_ENABLE_MODULES = YES;
				CLANG_ENABLE_OBJC_ARC = YES;
				CLANG_WARN_BOOL_CONVERSION = YES;
				CLANG_WARN_CONSTANT_CONVERSION = YES;
				CLANG_WARN_DIRECT_OBJC_ISA_USAGE = YES_ERROR;
				CLANG_WARN_DOCUMENTATION_COMMENTS = YES;
				CLANG_WARN_EMPTY_BODY = YES;
				CLANG_WARN_ENUM_CONVERSION = YES;
				CLANG_WARN_INFINITE_RECURSION = YES;
				CLANG_WARN_INT_CONVERSION = YES;
				CLANG_WARN_OBJC_ROOT_CLASS = YES_ERROR;
				CLANG_WARN_SUSPICIOUS_MOVE = YES;
				CLANG_WARN_UNREACHABLE_CODE = YES;
				CLANG_WARN__DUPLICATE_METHOD_MATCH = YES;
				"CODE_SIGN_IDENTITY[sdk=iphoneos*]" = "iPhone Developer";
				COPY_PHASE_STRIP = NO;
				DEBUG_INFORMATION_FORMAT = "dwarf-with-dsym";
				ENABLE_NS_ASSERTIONS = NO;
				ENABLE_STRICT_OBJC_MSGSEND = YES;
				GCC_C_LANGUAGE_STANDARD = gnu99;
				GCC_NO_COMMON_BLOCKS = YES;
				GCC_WARN_64_TO_32_BIT_CONVERSION = YES;
				GCC_WARN_ABOUT_RETURN_TYPE = YES_ERROR;
				GCC_WARN_UNDECLARED_SELECTOR = YES;
				GCC_WARN_UNINITIALIZED_AUTOS = YES_AGGRESSIVE;
				GCC_WARN_UNUSED_FUNCTION = YES;
				GCC_WARN_UNUSED_VARIABLE = YES;
				IPHONEOS_DEPLOYMENT_TARGET = 10.3;
				MTL_ENABLE_DEBUG_INFO = NO;
				SDKROOT = iphoneos;
				SWIFT_OPTIMIZATION_LEVEL = "-Owholemodule";
				TARGETED_DEVICE_FAMILY = "1,2";
				VALIDATE_PRODUCT = YES;
			};
			name = Release;
		};
		D4BAD2891EA94BDD003FFFB5 /* Debug */ = {
			isa = XCBuildConfiguration;
			baseConfigurationReference = 6B3BB6FBD2E57B89A6E0A530 /* Pods-RealmSugar.debug.xcconfig */;
			buildSettings = {
				ALWAYS_EMBED_SWIFT_STANDARD_LIBRARIES = YES;
				DEVELOPMENT_TEAM = DM4DAEGDNR;
				INFOPLIST_FILE = RealmSugar/Info.plist;
				IPHONEOS_DEPLOYMENT_TARGET = 9.0;
				LD_RUNPATH_SEARCH_PATHS = "$(inherited) @executable_path/Frameworks";
				PRODUCT_BUNDLE_IDENTIFIER = nielskoole.RealmSugar;
				PRODUCT_NAME = "$(TARGET_NAME)";
				SWIFT_VERSION = 3.0;
			};
			name = Debug;
		};
		D4BAD28A1EA94BDD003FFFB5 /* Release */ = {
			isa = XCBuildConfiguration;
			baseConfigurationReference = EE3D5BF14D518B5150C33906 /* Pods-RealmSugar.release.xcconfig */;
			buildSettings = {
				ALWAYS_EMBED_SWIFT_STANDARD_LIBRARIES = YES;
				DEVELOPMENT_TEAM = DM4DAEGDNR;
				INFOPLIST_FILE = RealmSugar/Info.plist;
				IPHONEOS_DEPLOYMENT_TARGET = 9.0;
				LD_RUNPATH_SEARCH_PATHS = "$(inherited) @executable_path/Frameworks";
				PRODUCT_BUNDLE_IDENTIFIER = nielskoole.RealmSugar;
				PRODUCT_NAME = "$(TARGET_NAME)";
				SWIFT_VERSION = 3.0;
			};
			name = Release;
		};
/* End XCBuildConfiguration section */

/* Begin XCConfigurationList section */
		D4BAD2711EA94BDC003FFFB5 /* Build configuration list for PBXProject "RealmSugar" */ = {
			isa = XCConfigurationList;
			buildConfigurations = (
				D4BAD2861EA94BDD003FFFB5 /* Debug */,
				D4BAD2871EA94BDD003FFFB5 /* Release */,
			);
			defaultConfigurationIsVisible = 0;
			defaultConfigurationName = Release;
		};
		D4BAD2881EA94BDD003FFFB5 /* Build configuration list for PBXNativeTarget "RealmSugar" */ = {
			isa = XCConfigurationList;
			buildConfigurations = (
				D4BAD2891EA94BDD003FFFB5 /* Debug */,
				D4BAD28A1EA94BDD003FFFB5 /* Release */,
			);
			defaultConfigurationIsVisible = 0;
			defaultConfigurationName = Release;
		};
/* End XCConfigurationList section */
	};
	rootObject = D4BAD26E1EA94BDC003FFFB5 /* Project object */;
}
